
Microsoft Visual Studio Solution File, Format Version 12.00
# Visual Studio Version 17
VisualStudioVersion = 17.0.31521.260
MinimumVisualStudioVersion = 10.0.40219.1
Project("{FAE04EC0-301F-11D3-BF4B-00C04F79EFBC}") = "TodoApi", "TodoApi\TodoApi.csproj", "{081FE14C-BF9B-41D8-B1EC-63D2C082E1C0}"
EndProject
Global
	GlobalSection(SolutionConfigurationPlatforms) = preSolution
		Debug|Any CPU = Debug|Any CPU
		Release|Any CPU = Release|Any CPU
	EndGlobalSection
	GlobalSection(ProjectConfigurationPlatforms) = postSolution
		{081FE14C-BF9B-41D8-B1EC-63D2C082E1C0}.Debug|Any CPU.ActiveCfg = Debug|Any CPU
		{081FE14C-BF9B-41D8-B1EC-63D2C082E1C0}.Debug|Any CPU.Build.0 = Debug|Any CPU
		{081FE14C-BF9B-41D8-B1EC-63D2C082E1C0}.Release|Any CPU.ActiveCfg = Release|Any CPU
		{081FE14C-BF9B-41D8-B1EC-63D2C082E1C0}.Release|Any CPU.Build.0 = Release|Any CPU
	EndGlobalSection
	GlobalSection(SolutionProperties) = preSolution
		HideSolutionNode = FALSE
	EndGlobalSection
	GlobalSection(ExtensibilityGlobals) = postSolution
		SolutionGuid = {6D818735-01EC-45DC-881A-9FBF41DED1A6}
	EndGlobalSection
EndGlobal
